// !$*UTF8*$!
{
	archiveVersion = 1;
	classes = {
	};
	objectVersion = 46;
	objects = {

/* Begin PBXBuildFile section */
		D842A2AE1D9425790097703F /* AppDelegate.swift in Sources */ = {isa = PBXBuildFile; fileRef = D842A2AD1D9425790097703F /* AppDelegate.swift */; };
		D842A2B01D9425790097703F /* ViewController.swift in Sources */ = {isa = PBXBuildFile; fileRef = D842A2AF1D9425790097703F /* ViewController.swift */; };
		D842A2B31D9425790097703F /* Main.storyboard in Resources */ = {isa = PBXBuildFile; fileRef = D842A2B11D9425790097703F /* Main.storyboard */; };
		D842A2B51D9425790097703F /* Assets.xcassets in Resources */ = {isa = PBXBuildFile; fileRef = D842A2B41D9425790097703F /* Assets.xcassets */; };
		D842A2B81D9425790097703F /* LaunchScreen.storyboard in Resources */ = {isa = PBXBuildFile; fileRef = D842A2B61D9425790097703F /* LaunchScreen.storyboard */; };
		D842A2C21D9432870097703F /* CorrectDing.wav in Resources */ = {isa = PBXBuildFile; fileRef = D842A2C01D9432870097703F /* CorrectDing.wav */; };
		D842A2C31D9432870097703F /* IncorrectBuzz.wav in Resources */ = {isa = PBXBuildFile; fileRef = D842A2C11D9432870097703F /* IncorrectBuzz.wav */; };
		D842A2D91D94329A0097703F /* down_full.png in Resources */ = {isa = PBXBuildFile; fileRef = D842A2C51D94329A0097703F /* down_full.png */; };
		D842A2DA1D94329A0097703F /* down_full_selected.png in Resources */ = {isa = PBXBuildFile; fileRef = D842A2C61D94329A0097703F /* down_full_selected.png */; };
		D842A2DB1D94329A0097703F /* down_half.png in Resources */ = {isa = PBXBuildFile; fileRef = D842A2C71D94329A0097703F /* down_half.png */; };
		D842A2DC1D94329A0097703F /* down_half_selected.png in Resources */ = {isa = PBXBuildFile; fileRef = D842A2C81D94329A0097703F /* down_half_selected.png */; };
		D842A2DD1D94329A0097703F /* icon120@3x.png in Resources */ = {isa = PBXBuildFile; fileRef = D842A2C91D94329A0097703F /* icon120@3x.png */; };
		D842A2DE1D94329A0097703F /* icon180@3x.png in Resources */ = {isa = PBXBuildFile; fileRef = D842A2CA1D94329A0097703F /* icon180@3x.png */; };
		D842A2DF1D94329A0097703F /* icon29@1x.png in Resources */ = {isa = PBXBuildFile; fileRef = D842A2CB1D94329A0097703F /* icon29@1x.png */; };
		D842A2E01D94329A0097703F /* icon40@1x.png in Resources */ = {isa = PBXBuildFile; fileRef = D842A2CC1D94329A0097703F /* icon40@1x.png */; };
		D842A2E11D94329A0097703F /* icon58@2x.png in Resources */ = {isa = PBXBuildFile; fileRef = D842A2CD1D94329A0097703F /* icon58@2x.png */; };
		D842A2E21D94329A0097703F /* icon80@2x.png in Resources */ = {isa = PBXBuildFile; fileRef = D842A2CE1D94329A0097703F /* icon80@2x.png */; };
		D842A2E31D94329A0097703F /* icon87@3x.png in Resources */ = {isa = PBXBuildFile; fileRef = D842A2CF1D94329A0097703F /* icon87@3x.png */; };
		D842A2E41D94329A0097703F /* next_round_fail.png in Resources */ = {isa = PBXBuildFile; fileRef = D842A2D01D94329A0097703F /* next_round_fail.png */; };
		D842A2E51D94329A0097703F /* next_round_success.png in Resources */ = {isa = PBXBuildFile; fileRef = D842A2D11D94329A0097703F /* next_round_success.png */; };
		D842A2E61D94329A0097703F /* play_again.png in Resources */ = {isa = PBXBuildFile; fileRef = D842A2D21D94329A0097703F /* play_again.png */; };
		D842A2E71D94329A0097703F /* splash_screen.png in Resources */ = {isa = PBXBuildFile; fileRef = D842A2D31D94329A0097703F /* splash_screen.png */; };
		D842A2E81D94329A0097703F /* up_full.png in Resources */ = {isa = PBXBuildFile; fileRef = D842A2D41D94329A0097703F /* up_full.png */; };
		D842A2E91D94329A0097703F /* up_full_selected.png in Resources */ = {isa = PBXBuildFile; fileRef = D842A2D51D94329A0097703F /* up_full_selected.png */; };
		D842A2EA1D94329A0097703F /* up_half.png in Resources */ = {isa = PBXBuildFile; fileRef = D842A2D61D94329A0097703F /* up_half.png */; };
		D842A2EB1D94329A0097703F /* up_half_selected.png in Resources */ = {isa = PBXBuildFile; fileRef = D842A2D71D94329A0097703F /* up_half_selected.png */; };
		D842A2EC1D94329A0097703F /* webview_bar.png in Resources */ = {isa = PBXBuildFile; fileRef = D842A2D81D94329A0097703F /* webview_bar.png */; };
		D8B583541D9834F000BE76D8 /* Events.swift in Sources */ = {isa = PBXBuildFile; fileRef = D8B583531D9834F000BE76D8 /* Events.swift */; };
/* End PBXBuildFile section */

/* Begin PBXFileReference section */
		D842A2AA1D9425790097703F /* BoutTime.app */ = {isa = PBXFileReference; explicitFileType = wrapper.application; includeInIndex = 0; path = BoutTime.app; sourceTree = BUILT_PRODUCTS_DIR; };
		D842A2AD1D9425790097703F /* AppDelegate.swift */ = {isa = PBXFileReference; lastKnownFileType = sourcecode.swift; path = AppDelegate.swift; sourceTree = "<group>"; };
		D842A2AF1D9425790097703F /* ViewController.swift */ = {isa = PBXFileReference; lastKnownFileType = sourcecode.swift; path = ViewController.swift; sourceTree = "<group>"; };
		D842A2B21D9425790097703F /* Base */ = {isa = PBXFileReference; lastKnownFileType = file.storyboard; name = Base; path = Base.lproj/Main.storyboard; sourceTree = "<group>"; };
		D842A2B41D9425790097703F /* Assets.xcassets */ = {isa = PBXFileReference; lastKnownFileType = folder.assetcatalog; path = Assets.xcassets; sourceTree = "<group>"; };
		D842A2B71D9425790097703F /* Base */ = {isa = PBXFileReference; lastKnownFileType = file.storyboard; name = Base; path = Base.lproj/LaunchScreen.storyboard; sourceTree = "<group>"; };
		D842A2B91D9425790097703F /* Info.plist */ = {isa = PBXFileReference; lastKnownFileType = text.plist.xml; path = Info.plist; sourceTree = "<group>"; };
		D842A2C01D9432870097703F /* CorrectDing.wav */ = {isa = PBXFileReference; lastKnownFileType = audio.wav; path = CorrectDing.wav; sourceTree = "<group>"; };
		D842A2C11D9432870097703F /* IncorrectBuzz.wav */ = {isa = PBXFileReference; lastKnownFileType = audio.wav; path = IncorrectBuzz.wav; sourceTree = "<group>"; };
		D842A2C51D94329A0097703F /* down_full.png */ = {isa = PBXFileReference; lastKnownFileType = image.png; path = down_full.png; sourceTree = "<group>"; };
		D842A2C61D94329A0097703F /* down_full_selected.png */ = {isa = PBXFileReference; lastKnownFileType = image.png; path = down_full_selected.png; sourceTree = "<group>"; };
		D842A2C71D94329A0097703F /* down_half.png */ = {isa = PBXFileReference; lastKnownFileType = image.png; path = down_half.png; sourceTree = "<group>"; };
		D842A2C81D94329A0097703F /* down_half_selected.png */ = {isa = PBXFileReference; lastKnownFileType = image.png; path = down_half_selected.png; sourceTree = "<group>"; };
		D842A2C91D94329A0097703F /* icon120@3x.png */ = {isa = PBXFileReference; lastKnownFileType = image.png; path = "icon120@3x.png"; sourceTree = "<group>"; };
		D842A2CA1D94329A0097703F /* icon180@3x.png */ = {isa = PBXFileReference; lastKnownFileType = image.png; path = "icon180@3x.png"; sourceTree = "<group>"; };
		D842A2CB1D94329A0097703F /* icon29@1x.png */ = {isa = PBXFileReference; lastKnownFileType = image.png; path = "icon29@1x.png"; sourceTree = "<group>"; };
		D842A2CC1D94329A0097703F /* icon40@1x.png */ = {isa = PBXFileReference; lastKnownFileType = image.png; path = "icon40@1x.png"; sourceTree = "<group>"; };
		D842A2CD1D94329A0097703F /* icon58@2x.png */ = {isa = PBXFileReference; lastKnownFileType = image.png; path = "icon58@2x.png"; sourceTree = "<group>"; };
		D842A2CE1D94329A0097703F /* icon80@2x.png */ = {isa = PBXFileReference; lastKnownFileType = image.png; path = "icon80@2x.png"; sourceTree = "<group>"; };
		D842A2CF1D94329A0097703F /* icon87@3x.png */ = {isa = PBXFileReference; lastKnownFileType = image.png; path = "icon87@3x.png"; sourceTree = "<group>"; };
		D842A2D01D94329A0097703F /* next_round_fail.png */ = {isa = PBXFileReference; lastKnownFileType = image.png; path = next_round_fail.png; sourceTree = "<group>"; };
		D842A2D11D94329A0097703F /* next_round_success.png */ = {isa = PBXFileReference; lastKnownFileType = image.png; path = next_round_success.png; sourceTree = "<group>"; };
		D842A2D21D94329A0097703F /* play_again.png */ = {isa = PBXFileReference; lastKnownFileType = image.png; path = play_again.png; sourceTree = "<group>"; };
		D842A2D31D94329A0097703F /* splash_screen.png */ = {isa = PBXFileReference; lastKnownFileType = image.png; path = splash_screen.png; sourceTree = "<group>"; };
		D842A2D41D94329A0097703F /* up_full.png */ = {isa = PBXFileReference; lastKnownFileType = image.png; path = up_full.png; sourceTree = "<group>"; };
		D842A2D51D94329A0097703F /* up_full_selected.png */ = {isa = PBXFileReference; lastKnownFileType = image.png; path = up_full_selected.png; sourceTree = "<group>"; };
		D842A2D61D94329A0097703F /* up_half.png */ = {isa = PBXFileReference; lastKnownFileType = image.png; path = up_half.png; sourceTree = "<group>"; };
		D842A2D71D94329A0097703F /* up_half_selected.png */ = {isa = PBXFileReference; lastKnownFileType = image.png; path = up_half_selected.png; sourceTree = "<group>"; };
		D842A2D81D94329A0097703F /* webview_bar.png */ = {isa = PBXFileReference; lastKnownFileType = image.png; path = webview_bar.png; sourceTree = "<group>"; };
		D8B583531D9834F000BE76D8 /* Events.swift */ = {isa = PBXFileReference; fileEncoding = 4; lastKnownFileType = sourcecode.swift; path = Events.swift; sourceTree = "<group>"; };
/* End PBXFileReference section */

/* Begin PBXFrameworksBuildPhase section */
		D842A2A71D9425790097703F /* Frameworks */ = {
			isa = PBXFrameworksBuildPhase;
			buildActionMask = 2147483647;
			files = (
			);
			runOnlyForDeploymentPostprocessing = 0;
		};
/* End PBXFrameworksBuildPhase section */

/* Begin PBXGroup section */
		D842A2A11D9425790097703F = {
			isa = PBXGroup;
			children = (
				D842A2AC1D9425790097703F /* BoutTime */,
				D842A2AB1D9425790097703F /* Products */,
			);
			sourceTree = "<group>";
		};
		D842A2AB1D9425790097703F /* Products */ = {
			isa = PBXGroup;
			children = (
				D842A2AA1D9425790097703F /* BoutTime.app */,
			);
			name = Products;
			sourceTree = "<group>";
		};
		D842A2AC1D9425790097703F /* BoutTime */ = {
			isa = PBXGroup;
			children = (
				D842A2C41D94329A0097703F /* Images */,
				D842A2BF1D9432870097703F /* AudioClips */,
				D842A2AD1D9425790097703F /* AppDelegate.swift */,
				D842A2AF1D9425790097703F /* ViewController.swift */,
				D842A2B11D9425790097703F /* Main.storyboard */,
				D8B583531D9834F000BE76D8 /* Events.swift */,
				D842A2B41D9425790097703F /* Assets.xcassets */,
				D842A2B61D9425790097703F /* LaunchScreen.storyboard */,
				D842A2B91D9425790097703F /* Info.plist */,
			);
			path = BoutTime;
			sourceTree = "<group>";
		};
		D842A2BF1D9432870097703F /* AudioClips */ = {
			isa = PBXGroup;
			children = (
				D842A2C01D9432870097703F /* CorrectDing.wav */,
				D842A2C11D9432870097703F /* IncorrectBuzz.wav */,
			);
			path = AudioClips;
			sourceTree = "<group>";
		};
		D842A2C41D94329A0097703F /* Images */ = {
			isa = PBXGroup;
			children = (
				D842A2C51D94329A0097703F /* down_full.png */,
				D842A2C61D94329A0097703F /* down_full_selected.png */,
				D842A2C71D94329A0097703F /* down_half.png */,
				D842A2C81D94329A0097703F /* down_half_selected.png */,
				D842A2C91D94329A0097703F /* icon120@3x.png */,
				D842A2CA1D94329A0097703F /* icon180@3x.png */,
				D842A2CB1D94329A0097703F /* icon29@1x.png */,
				D842A2CC1D94329A0097703F /* icon40@1x.png */,
				D842A2CD1D94329A0097703F /* icon58@2x.png */,
				D842A2CE1D94329A0097703F /* icon80@2x.png */,
				D842A2CF1D94329A0097703F /* icon87@3x.png */,
				D842A2D01D94329A0097703F /* next_round_fail.png */,
				D842A2D11D94329A0097703F /* next_round_success.png */,
				D842A2D21D94329A0097703F /* play_again.png */,
				D842A2D31D94329A0097703F /* splash_screen.png */,
				D842A2D41D94329A0097703F /* up_full.png */,
				D842A2D51D94329A0097703F /* up_full_selected.png */,
				D842A2D61D94329A0097703F /* up_half.png */,
				D842A2D71D94329A0097703F /* up_half_selected.png */,
				D842A2D81D94329A0097703F /* webview_bar.png */,
			);
			path = Images;
			sourceTree = "<group>";
		};
/* End PBXGroup section */

/* Begin PBXNativeTarget section */
		D842A2A91D9425790097703F /* BoutTime */ = {
			isa = PBXNativeTarget;
			buildConfigurationList = D842A2BC1D9425790097703F /* Build configuration list for PBXNativeTarget "BoutTime" */;
			buildPhases = (
				D842A2A61D9425790097703F /* Sources */,
				D842A2A71D9425790097703F /* Frameworks */,
				D842A2A81D9425790097703F /* Resources */,
			);
			buildRules = (
			);
			dependencies = (
			);
			name = BoutTime;
			productName = BoutTime;
			productReference = D842A2AA1D9425790097703F /* BoutTime.app */;
			productType = "com.apple.product-type.application";
		};
/* End PBXNativeTarget section */

/* Begin PBXProject section */
		D842A2A21D9425790097703F /* Project object */ = {
			isa = PBXProject;
			attributes = {
				LastSwiftUpdateCheck = 0800;
				LastUpgradeCheck = 0800;
				ORGANIZATIONNAME = "Nathan Fulkerson";
				TargetAttributes = {
					D842A2A91D9425790097703F = {
						CreatedOnToolsVersion = 8.0;
						DevelopmentTeam = B7ES5QUQAV;
						ProvisioningStyle = Automatic;
					};
				};
			};
			buildConfigurationList = D842A2A51D9425790097703F /* Build configuration list for PBXProject "BoutTime" */;
			compatibilityVersion = "Xcode 3.2";
			developmentRegion = English;
			hasScannedForEncodings = 0;
			knownRegions = (
				en,
				Base,
			);
			mainGroup = D842A2A11D9425790097703F;
			productRefGroup = D842A2AB1D9425790097703F /* Products */;
			projectDirPath = "";
			projectRoot = "";
			targets = (
				D842A2A91D9425790097703F /* BoutTime */,
			);
		};
/* End PBXProject section */

/* Begin PBXResourcesBuildPhase section */
		D842A2A81D9425790097703F /* Resources */ = {
			isa = PBXResourcesBuildPhase;
			buildActionMask = 2147483647;
			files = (
				D842A2DA1D94329A0097703F /* down_full_selected.png in Resources */,
				D842A2E51D94329A0097703F /* next_round_success.png in Resources */,
				D842A2EA1D94329A0097703F /* up_half.png in Resources */,
				D842A2E91D94329A0097703F /* up_full_selected.png in Resources */,
				D842A2DC1D94329A0097703F /* down_half_selected.png in Resources */,
				D842A2D91D94329A0097703F /* down_full.png in Resources */,
				D842A2EB1D94329A0097703F /* up_half_selected.png in Resources */,
				D842A2E41D94329A0097703F /* next_round_fail.png in Resources */,
				D842A2E31D94329A0097703F /* icon87@3x.png in Resources */,
				D842A2E71D94329A0097703F /* splash_screen.png in Resources */,
				D842A2DE1D94329A0097703F /* icon180@3x.png in Resources */,
				D842A2DB1D94329A0097703F /* down_half.png in Resources */,
				D842A2DF1D94329A0097703F /* icon29@1x.png in Resources */,
				D842A2B81D9425790097703F /* LaunchScreen.storyboard in Resources */,
				D842A2C31D9432870097703F /* IncorrectBuzz.wav in Resources */,
				D842A2E21D94329A0097703F /* icon80@2x.png in Resources */,
				D842A2E61D94329A0097703F /* play_again.png in Resources */,
				D842A2DD1D94329A0097703F /* icon120@3x.png in Resources */,
				D842A2B51D9425790097703F /* Assets.xcassets in Resources */,
				D842A2B31D9425790097703F /* Main.storyboard in Resources */,
				D842A2E01D94329A0097703F /* icon40@1x.png in Resources */,
				D842A2E11D94329A0097703F /* icon58@2x.png in Resources */,
				D842A2C21D9432870097703F /* CorrectDing.wav in Resources */,
				D842A2EC1D94329A0097703F /* webview_bar.png in Resources */,
				D842A2E81D94329A0097703F /* up_full.png in Resources */,
			);
			runOnlyForDeploymentPostprocessing = 0;
		};
/* End PBXResourcesBuildPhase section */

/* Begin PBXSourcesBuildPhase section */
		D842A2A61D9425790097703F /* Sources */ = {
			isa = PBXSourcesBuildPhase;
			buildActionMask = 2147483647;
			files = (
				D8B583541D9834F000BE76D8 /* Events.swift in Sources */,
				D842A2B01D9425790097703F /* ViewController.swift in Sources */,
				D842A2AE1D9425790097703F /* AppDelegate.swift in Sources */,
			);
			runOnlyForDeploymentPostprocessing = 0;
		};
/* End PBXSourcesBuildPhase section */

/* Begin PBXVariantGroup section */
		D842A2B11D9425790097703F /* Main.storyboard */ = {
			isa = PBXVariantGroup;
			children = (
				D842A2B21D9425790097703F /* Base */,
			);
			name = Main.storyboard;
			sourceTree = "<group>";
		};
		D842A2B61D9425790097703F /* LaunchScreen.storyboard */ = {
			isa = PBXVariantGroup;
			children = (
				D842A2B71D9425790097703F /* Base */,
			);
			name = LaunchScreen.storyboard;
			sourceTree = "<group>";
		};
/* End PBXVariantGroup section */

/* Begin XCBuildConfiguration section */
		D842A2BA1D9425790097703F /* Debug */ = {
			isa = XCBuildConfiguration;
			buildSettings = {
				ALWAYS_SEARCH_USER_PATHS = NO;
				CLANG_ANALYZER_NONNULL = YES;
				CLANG_CXX_LANGUAGE_STANDARD = "gnu++0x";
				CLANG_CXX_LIBRARY = "libc++";
				CLANG_ENABLE_MODULES = YES;
				CLANG_ENABLE_OBJC_ARC = YES;
				CLANG_WARN_BOOL_CONVERSION = YES;
				CLANG_WARN_CONSTANT_CONVERSION = YES;
				CLANG_WARN_DIRECT_OBJC_ISA_USAGE = YES_ERROR;
				CLANG_WARN_DOCUMENTATION_COMMENTS = YES;
				CLANG_WARN_EMPTY_BODY = YES;
				CLANG_WARN_ENUM_CONVERSION = YES;
				CLANG_WARN_INFINITE_RECURSION = YES;
				CLANG_WARN_INT_CONVERSION = YES;
				CLANG_WARN_OBJC_ROOT_CLASS = YES_ERROR;
				CLANG_WARN_SUSPICIOUS_MOVES = YES;
				CLANG_WARN_UNREACHABLE_CODE = YES;
				CLANG_WARN__DUPLICATE_METHOD_MATCH = YES;
				"CODE_SIGN_IDENTITY[sdk=iphoneos*]" = "iPhone Developer";
				COPY_PHASE_STRIP = NO;
				DEBUG_INFORMATION_FORMAT = dwarf;
				ENABLE_STRICT_OBJC_MSGSEND = YES;
				ENABLE_TESTABILITY = YES;
				GCC_C_LANGUAGE_STANDARD = gnu99;
				GCC_DYNAMIC_NO_PIC = NO;
				GCC_NO_COMMON_BLOCKS = YES;
				GCC_OPTIMIZATION_LEVEL = 0;
				GCC_PREPROCESSOR_DEFINITIONS = (
					"DEBUG=1",
					"$(inherited)",
				);
				GCC_WARN_64_TO_32_BIT_CONVERSION = YES;
				GCC_WARN_ABOUT_RETURN_TYPE = YES_ERROR;
				GCC_WARN_UNDECLARED_SELECTOR = YES;
				GCC_WARN_UNINITIALIZED_AUTOS = YES_AGGRESSIVE;
				GCC_WARN_UNUSED_FUNCTION = YES;
				GCC_WARN_UNUSED_VARIABLE = YES;
				IPHONEOS_DEPLOYMENT_TARGET = 10.0;
				MTL_ENABLE_DEBUG_INFO = YES;
				ONLY_ACTIVE_ARCH = YES;
				SDKROOT = iphoneos;
				SWIFT_ACTIVE_COMPILATION_CONDITIONS = DEBUG;
				SWIFT_OPTIMIZATION_LEVEL = "-Onone";
			};
			name = Debug;
		};
		D842A2BB1D9425790097703F /* Release */ = {
			isa = XCBuildConfiguration;
			buildSettings = {
				ALWAYS_SEARCH_USER_PATHS = NO;
				CLANG_ANALYZER_NONNULL = YES;
				CLANG_CXX_LANGUAGE_STANDARD = "gnu++0x";
				CLANG_CXX_LIBRARY = "libc++";
				CLANG_ENABLE_MODULES = YES;
				CLANG_ENABLE_OBJC_ARC = YES;
				CLANG_WARN_BOOL_CONVERSION = YES;
				CLANG_WARN_CONSTANT_CONVERSION = YES;
				CLANG_WARN_DIRECT_OBJC_ISA_USAGE = YES_ERROR;
				CLANG_WARN_DOCUMENTATION_COMMENTS = YES;
				CLANG_WARN_EMPTY_BODY = YES;
				CLANG_WARN_ENUM_CONVERSION = YES;
				CLANG_WARN_INFINITE_RECURSION = YES;
				CLANG_WARN_INT_CONVERSION = YES;
				CLANG_WARN_OBJC_ROOT_CLASS = YES_ERROR;
				CLANG_WARN_SUSPICIOUS_MOVES = YES;
				CLANG_WARN_UNREACHABLE_CODE = YES;
				CLANG_WARN__DUPLICATE_METHOD_MATCH = YES;
				"CODE_SIGN_IDENTITY[sdk=iphoneos*]" = "iPhone Developer";
				COPY_PHASE_STRIP = NO;
				DEBUG_INFORMATION_FORMAT = "dwarf-with-dsym";
				ENABLE_NS_ASSERTIONS = NO;
				ENABLE_STRICT_OBJC_MSGSEND = YES;
				GCC_C_LANGUAGE_STANDARD = gnu99;
				GCC_NO_COMMON_BLOCKS = YES;
				GCC_WARN_64_TO_32_BIT_CONVERSION = YES;
				GCC_WARN_ABOUT_RETURN_TYPE = YES_ERROR;
				GCC_WARN_UNDECLARED_SELECTOR = YES;
				GCC_WARN_UNINITIALIZED_AUTOS = YES_AGGRESSIVE;
				GCC_WARN_UNUSED_FUNCTION = YES;
				GCC_WARN_UNUSED_VARIABLE = YES;
				IPHONEOS_DEPLOYMENT_TARGET = 10.0;
				MTL_ENABLE_DEBUG_INFO = NO;
				SDKROOT = iphoneos;
				SWIFT_OPTIMIZATION_LEVEL = "-Owholemodule";
				VALIDATE_PRODUCT = YES;
			};
			name = Release;
		};
		D842A2BD1D9425790097703F /* Debug */ = {
			isa = XCBuildConfiguration;
			buildSettings = {
				ASSETCATALOG_COMPILER_APPICON_NAME = AppIcon;
				DEVELOPMENT_TEAM = B7ES5QUQAV;
				INFOPLIST_FILE = BoutTime/Info.plist;
				LD_RUNPATH_SEARCH_PATHS = "$(inherited) @executable_path/Frameworks";
				PRODUCT_BUNDLE_IDENTIFIER = com.nfulkerson.BoutTime;
				PRODUCT_NAME = "$(TARGET_NAME)";
				SWIFT_VERSION = 3.0;
			};
			name = Debug;
		};
		D842A2BE1D9425790097703F /* Release */ = {
			isa = XCBuildConfiguration;
			buildSettings = {
				ASSETCATALOG_COMPILER_APPICON_NAME = AppIcon;
				DEVELOPMENT_TEAM = B7ES5QUQAV;
				INFOPLIST_FILE = BoutTime/Info.plist;
				LD_RUNPATH_SEARCH_PATHS = "$(inherited) @executable_path/Frameworks";
				PRODUCT_BUNDLE_IDENTIFIER = com.nfulkerson.BoutTime;
				PRODUCT_NAME = "$(TARGET_NAME)";
				SWIFT_VERSION = 3.0;
			};
			name = Release;
		};
/* End XCBuildConfiguration section */

/* Begin XCConfigurationList section */
		D842A2A51D9425790097703F /* Build configuration list for PBXProject "BoutTime" */ = {
			isa = XCConfigurationList;
			buildConfigurations = (
				D842A2BA1D9425790097703F /* Debug */,
				D842A2BB1D9425790097703F /* Release */,
			);
			defaultConfigurationIsVisible = 0;
			defaultConfigurationName = Release;
		};
		D842A2BC1D9425790097703F /* Build configuration list for PBXNativeTarget "BoutTime" */ = {
			isa = XCConfigurationList;
			buildConfigurations = (
				D842A2BD1D9425790097703F /* Debug */,
				D842A2BE1D9425790097703F /* Release */,
			);
			defaultConfigurationIsVisible = 0;
			defaultConfigurationName = Release;
		};
/* End XCConfigurationList section */
	};
	rootObject = D842A2A21D9425790097703F /* Project object */;
}
